{
  "requires": true,
  "lockfileVersion": 1,
  "dependencies": {
    "react-media-hook": {
      "version": "0.4.7",
      "resolved": "https://registry.npmjs.org/react-media-hook/-/react-media-hook-0.4.7.tgz",
      "integrity": "sha512-3Q0glUJyGTWqHutvsSusTUQcfzWP/ProKi3nYul+8yYWR8zOl2p2JmOM1TcQuDqQGk5hoJJ6Hu+fmwwlwKMPbQ=="
    }
  }
}
